
Microsoft Visual Studio Solution File, Format Version 12.00
# Visual Studio Version 16
VisualStudioVersion = 16.0.31729.503
MinimumVisualStudioVersion = 10.0.40219.1
Project("{9A19103F-16F7-4668-BE54-9A1E7A4F7556}") = "TodoAPI", "TODOAPI\TodoAPI.csproj", "{3B370CB9-BD37-48B0-ACEA-A6CCFBBE2FC2}"
EndProject
Project("{FAE04EC0-301F-11D3-BF4B-00C04F79EFBC}") = "TodoApi-tests", "TodoApi-tests\TodoApi-tests.csproj", "{EC0978CA-46E5-4CC8-9215-F5FCB771DF88}"
EndProject
Global
	GlobalSection(SolutionConfigurationPlatforms) = preSolution
		Debug|Any CPU = Debug|Any CPU
		Release|Any CPU = Release|Any CPU
	EndGlobalSection
	GlobalSection(ProjectConfigurationPlatforms) = postSolution
		{3B370CB9-BD37-48B0-ACEA-A6CCFBBE2FC2}.Debug|Any CPU.ActiveCfg = Debug|Any CPU
		{3B370CB9-BD37-48B0-ACEA-A6CCFBBE2FC2}.Debug|Any CPU.Build.0 = Debug|Any CPU
		{3B370CB9-BD37-48B0-ACEA-A6CCFBBE2FC2}.Release|Any CPU.ActiveCfg = Release|Any CPU
		{3B370CB9-BD37-48B0-ACEA-A6CCFBBE2FC2}.Release|Any CPU.Build.0 = Release|Any CPU
		{EC0978CA-46E5-4CC8-9215-F5FCB771DF88}.Debug|Any CPU.ActiveCfg = Debug|Any CPU
		{EC0978CA-46E5-4CC8-9215-F5FCB771DF88}.Debug|Any CPU.Build.0 = Debug|Any CPU
		{EC0978CA-46E5-4CC8-9215-F5FCB771DF88}.Release|Any CPU.ActiveCfg = Release|Any CPU
		{EC0978CA-46E5-4CC8-9215-F5FCB771DF88}.Release|Any CPU.Build.0 = Release|Any CPU
	EndGlobalSection
	GlobalSection(SolutionProperties) = preSolution
		HideSolutionNode = FALSE
	EndGlobalSection
	GlobalSection(ExtensibilityGlobals) = postSolution
		SolutionGuid = {4BE4B5EE-C485-4DB8-81EB-09354E673E7D}
	EndGlobalSection
EndGlobal
